
Microsoft Visual Studio Solution File, Format Version 12.00
# Visual Studio Version 16
VisualStudioVersion = 16.0.31613.86
MinimumVisualStudioVersion = 10.0.40219.1
Project("{9A19103F-16F7-4668-BE54-9A1E7A4F7556}") = "Converter_PPT_to_JPG", "Converter_PPT_to_JPG\Converter_PPT_to_JPG.csproj", "{2E7A02B3-5A88-42D2-971D-9CC0D6E169FB}"
EndProject
Global
	GlobalSection(SolutionConfigurationPlatforms) = preSolution
		Debug|Any CPU = Debug|Any CPU
		Release|Any CPU = Release|Any CPU
	EndGlobalSection
	GlobalSection(ProjectConfigurationPlatforms) = postSolution
		{2E7A02B3-5A88-42D2-971D-9CC0D6E169FB}.Debug|Any CPU.ActiveCfg = Debug|Any CPU
		{2E7A02B3-5A88-42D2-971D-9CC0D6E169FB}.Debug|Any CPU.Build.0 = Debug|Any CPU
		{2E7A02B3-5A88-42D2-971D-9CC0D6E169FB}.Release|Any CPU.ActiveCfg = Release|Any CPU
		{2E7A02B3-5A88-42D2-971D-9CC0D6E169FB}.Release|Any CPU.Build.0 = Release|Any CPU
	EndGlobalSection
	GlobalSection(SolutionProperties) = preSolution
		HideSolutionNode = FALSE
	EndGlobalSection
	GlobalSection(ExtensibilityGlobals) = postSolution
		SolutionGuid = {37D9B19E-F116-4BDA-AB4C-9C8406AFF61E}
	EndGlobalSection
EndGlobal
